
Microsoft Visual Studio Solution File, Format Version 12.00
# Visual Studio Version 16
VisualStudioVersion = 16.0.30907.101
MinimumVisualStudioVersion = 10.0.40219.1
Project("{FAE04EC0-301F-11D3-BF4B-00C04F79EFBC}") = "AnimeAPI", "AnimeAPI\AnimeAPI.csproj", "{B3AFF586-425E-4582-A1DB-C216760F7E88}"
EndProject
Global
	GlobalSection(SolutionConfigurationPlatforms) = preSolution
		Debug|Any CPU = Debug|Any CPU
		Release|Any CPU = Release|Any CPU
	EndGlobalSection
	GlobalSection(ProjectConfigurationPlatforms) = postSolution
		{B3AFF586-425E-4582-A1DB-C216760F7E88}.Debug|Any CPU.ActiveCfg = Debug|Any CPU
		{B3AFF586-425E-4582-A1DB-C216760F7E88}.Debug|Any CPU.Build.0 = Debug|Any CPU
		{B3AFF586-425E-4582-A1DB-C216760F7E88}.Release|Any CPU.ActiveCfg = Release|Any CPU
		{B3AFF586-425E-4582-A1DB-C216760F7E88}.Release|Any CPU.Build.0 = Release|Any CPU
	EndGlobalSection
	GlobalSection(SolutionProperties) = preSolution
		HideSolutionNode = FALSE
	EndGlobalSection
	GlobalSection(ExtensibilityGlobals) = postSolution
		SolutionGuid = {E64FE02C-754B-4CBF-B608-FE3E3BC4B550}
	EndGlobalSection
EndGlobal
